
Microsoft Visual Studio Solution File, Format Version 12.00
Project("{FAE04EC0-301F-11D3-BF4B-00C04F79EFBC}") = "CCDevelop.PPK2.NET", "CCDevelop.PPK2.NET\CCDevelop.PPK2.NET.csproj", "{F90B9023-5BCB-4190-BCA9-0405762538C6}"
EndProject
Project("{2150E333-8FDC-42A3-9474-1A3956D46DE8}") = "Libraries", "Libraries", "{2AC237FD-16EF-498A-B1DD-B5C138F0BE5F}"
EndProject
Project("{FAE04EC0-301F-11D3-BF4B-00C04F79EFBC}") = "PpkII-CLI", "CCDevelop.PPK2\CCDevelop.PPK2-CLI\CCDevelop.PPK2-CLI.csproj", "{5EA8C5A6-24D3-4AC6-84E7-A99B45F7ADE5}"
EndProject
Project("{2150E333-8FDC-42A3-9474-1A3956D46DE8}") = "Applications", "Applications", "{855C5EF6-E5ED-4329-BE5E-8AF5F5C5E777}"
EndProject
Project("{FAE04EC0-301F-11D3-BF4B-00C04F79EFBC}") = "PpkII-GUI", "CCDevelop.PPK2\CCDevelop.PPK2-GUI\CCDevelop.PPK2-GUI.csproj", "{11ECB43D-F86B-4438-8AD4-DFA73EAD8E00}"
EndProject
Project("{2150E333-8FDC-42A3-9474-1A3956D46DE8}") = "Submodules", "Submodules", "{2859520E-DDD0-406D-BC93-CE88BB9837CE}"
EndProject
Project("{FAE04EC0-301F-11D3-BF4B-00C04F79EFBC}") = "CCDevelop.SerialPort", "CCDevelop.SerialPort\CCDevelop.SerialPort\CCDevelop.SerialPort.csproj", "{09ED928E-A70B-4FA8-B26D-01CFCAC50BA2}"
EndProject
Global
	GlobalSection(SolutionConfigurationPlatforms) = preSolution
		Debug|Any CPU = Debug|Any CPU
		Release|Any CPU = Release|Any CPU
	EndGlobalSection
	GlobalSection(ProjectConfigurationPlatforms) = postSolution
		{F90B9023-5BCB-4190-BCA9-0405762538C6}.Debug|Any CPU.ActiveCfg = Debug|Any CPU
		{F90B9023-5BCB-4190-BCA9-0405762538C6}.Debug|Any CPU.Build.0 = Debug|Any CPU
		{F90B9023-5BCB-4190-BCA9-0405762538C6}.Release|Any CPU.ActiveCfg = Release|Any CPU
		{F90B9023-5BCB-4190-BCA9-0405762538C6}.Release|Any CPU.Build.0 = Release|Any CPU
		{5EA8C5A6-24D3-4AC6-84E7-A99B45F7ADE5}.Debug|Any CPU.ActiveCfg = Debug|Any CPU
		{5EA8C5A6-24D3-4AC6-84E7-A99B45F7ADE5}.Debug|Any CPU.Build.0 = Debug|Any CPU
		{5EA8C5A6-24D3-4AC6-84E7-A99B45F7ADE5}.Release|Any CPU.ActiveCfg = Release|Any CPU
		{5EA8C5A6-24D3-4AC6-84E7-A99B45F7ADE5}.Release|Any CPU.Build.0 = Release|Any CPU
		{11ECB43D-F86B-4438-8AD4-DFA73EAD8E00}.Debug|Any CPU.ActiveCfg = Debug|Any CPU
		{11ECB43D-F86B-4438-8AD4-DFA73EAD8E00}.Debug|Any CPU.Build.0 = Debug|Any CPU
		{11ECB43D-F86B-4438-8AD4-DFA73EAD8E00}.Release|Any CPU.ActiveCfg = Release|Any CPU
		{11ECB43D-F86B-4438-8AD4-DFA73EAD8E00}.Release|Any CPU.Build.0 = Release|Any CPU
		{09ED928E-A70B-4FA8-B26D-01CFCAC50BA2}.Debug|Any CPU.ActiveCfg = Debug|Any CPU
		{09ED928E-A70B-4FA8-B26D-01CFCAC50BA2}.Debug|Any CPU.Build.0 = Debug|Any CPU
		{09ED928E-A70B-4FA8-B26D-01CFCAC50BA2}.Release|Any CPU.ActiveCfg = Release|Any CPU
		{09ED928E-A70B-4FA8-B26D-01CFCAC50BA2}.Release|Any CPU.Build.0 = Release|Any CPU
	EndGlobalSection
	GlobalSection(NestedProjects) = preSolution
		{F90B9023-5BCB-4190-BCA9-0405762538C6} = {2AC237FD-16EF-498A-B1DD-B5C138F0BE5F}
		{5EA8C5A6-24D3-4AC6-84E7-A99B45F7ADE5} = {855C5EF6-E5ED-4329-BE5E-8AF5F5C5E777}
		{11ECB43D-F86B-4438-8AD4-DFA73EAD8E00} = {855C5EF6-E5ED-4329-BE5E-8AF5F5C5E777}
		{09ED928E-A70B-4FA8-B26D-01CFCAC50BA2} = {2859520E-DDD0-406D-BC93-CE88BB9837CE}
	EndGlobalSection
EndGlobal
